
Microsoft Visual Studio Solution File, Format Version 11.00
# Visual Studio 2010
Project("{8BC9CEB8-8B4A-11D0-8D11-00A0C91BC942}") = "EGC_Lab5", "EGC_Lab5\EGC_Lab5.vcxproj", "{DAD1D479-3ACD-495D-90F2-4A20B327312B}"
EndProject
Global
	GlobalSection(SolutionConfigurationPlatforms) = preSolution
		Debug|Win32 = Debug|Win32
		Release|Win32 = Release|Win32
	EndGlobalSection
	GlobalSection(ProjectConfigurationPlatforms) = postSolution
		{DAD1D479-3ACD-495D-90F2-4A20B327312B}.Debug|Win32.ActiveCfg = Debug|Win32
		{DAD1D479-3ACD-495D-90F2-4A20B327312B}.Debug|Win32.Build.0 = Debug|Win32
		{DAD1D479-3ACD-495D-90F2-4A20B327312B}.Release|Win32.ActiveCfg = Release|Win32
		{DAD1D479-3ACD-495D-90F2-4A20B327312B}.Release|Win32.Build.0 = Release|Win32
	EndGlobalSection
	GlobalSection(SolutionProperties) = preSolution
		HideSolutionNode = FALSE
	EndGlobalSection
EndGlobal
